
Microsoft Visual Studio Solution File, Format Version 12.00
# Visual Studio Version 17
VisualStudioVersion = 17.7.34031.279
MinimumVisualStudioVersion = 10.0.40219.1
Project("{9A19103F-16F7-4668-BE54-9A1E7A4F7556}") = "SemanticKernel", "SemanticKernel.csproj", "{C93A2F0B-7C0F-4E5F-9B14-42C641CF793E}"
EndProject
Project("{FAE04EC0-301F-11D3-BF4B-00C04F79EFBC}") = "TestSemanticKernel", "..\TestSemanticKernel\TestSemanticKernel.csproj", "{FE0D4386-2E3C-4DBB-91CD-4D53B47F82F9}"
EndProject
Global
	GlobalSection(SolutionConfigurationPlatforms) = preSolution
		Debug|Any CPU = Debug|Any CPU
		Release|Any CPU = Release|Any CPU
	EndGlobalSection
	GlobalSection(ProjectConfigurationPlatforms) = postSolution
		{C93A2F0B-7C0F-4E5F-9B14-42C641CF793E}.Debug|Any CPU.ActiveCfg = Debug|Any CPU
		{C93A2F0B-7C0F-4E5F-9B14-42C641CF793E}.Debug|Any CPU.Build.0 = Debug|Any CPU
		{C93A2F0B-7C0F-4E5F-9B14-42C641CF793E}.Release|Any CPU.ActiveCfg = Release|Any CPU
		{C93A2F0B-7C0F-4E5F-9B14-42C641CF793E}.Release|Any CPU.Build.0 = Release|Any CPU
		{FE0D4386-2E3C-4DBB-91CD-4D53B47F82F9}.Debug|Any CPU.ActiveCfg = Debug|Any CPU
		{FE0D4386-2E3C-4DBB-91CD-4D53B47F82F9}.Debug|Any CPU.Build.0 = Debug|Any CPU
		{FE0D4386-2E3C-4DBB-91CD-4D53B47F82F9}.Release|Any CPU.ActiveCfg = Release|Any CPU
		{FE0D4386-2E3C-4DBB-91CD-4D53B47F82F9}.Release|Any CPU.Build.0 = Release|Any CPU
	EndGlobalSection
	GlobalSection(SolutionProperties) = preSolution
		HideSolutionNode = FALSE
	EndGlobalSection
	GlobalSection(ExtensibilityGlobals) = postSolution
		SolutionGuid = {6E33605E-EF8D-477B-8A57-2DC268075E90}
	EndGlobalSection
EndGlobal
